{
  "name": "gre-vocabulary-builder",
  "version": "0.0.0",
  "lockfileVersion": 3,
  "requires": true,
  "packages": {
    "": {
      "name": "gre-vocabulary-builder",
      "version": "0.0.0",
      "type": "module",
      "dependencies": {
        "@google/genai": "^1.16.0",
        "react": "^19.1.1",
        "react-dom": "^19.1.1"
      },
      "devDependencies": {
        "@types/node": "^22.14.0",
        "typescript": "~5.8.2",
        "vite": "^6.2.0"
      }
    },
    "node_modules/@google/genai": {
      "version": "1.16.0",
      "resolved": "https://registry.npmjs.org/@google/genai/-/genai-1.16.0.tgz",
      "integrity": "sha512-l9fUylIOY08qxT9Exm4e2Pz3yV6yDX2rY2346DmT/8Jv6vV3N2X24Z+XlC3+aQ/h1tD/F/gA2jS/R3pZ2w==",
      "engines": {
        "node": ">=18.0.0"
      }
    },
    "node_modules/@types/node": {
      "version": "22.14.0",
      "resolved": "https://registry.npmjs.org/@types/node/-/node-22.14.0.tgz",
      "integrity": "sha512-n208zB8w/201UoY9S1w9N8S5Kk6yq+XwMvjA/o4nE9VdFU2Mt23gU/k0b1xHk3z8K1L973/7oowmYg==",
      "dev": true,
      "dependencies": {
        "undici-types": "~5.26.4"
      }
    },
    "node_modules/esbuild": {
      "version": "0.23.0",
      "resolved": "https://registry.npmjs.org/esbuild/-/esbuild-0.23.0.tgz",
      "integrity": "sha512-wA/f7mi98a0vX4Vf0W862n2nQ5y41bFZ82T8u/3z2tYwsG393WkE4YhC+hJw2uP9S86iG5eF1V+jA==",
      "cpu": [
        "arm64",
        "x64"
      ],
      "dev": true,
      "hasInstallScript": true,
      "optional": true,
      "os": [
        "darwin",
        "linux",
        "win32"
      ],
      "engines": {
        "node": ">=12"
      }
    },
    "node_modules/fsevents": {
      "version": "2.3.3",
      "resolved": "https://registry.npmjs.org/fsevents/-/fsevents-2.3.3.tgz",
      "integrity": "sha512-5/w+gTMtwOfxaV8J92pTrsN+n92q5J95n/s2GAeY/1pga34yB3jT6bJtG3wjwqT6y2BmMdR4pP8A8B7IqY5w==",
      "dev": true,
      "hasInstallScript": true,
      "optional": true,
      "os": [
        "darwin"
      ],
      "engines": {
        "node": "^8.16.0 || ^10.6.0 || >=11.0.0"
      }
    },
    "node_modules/lightningcss": {
      "version": "1.25.1",
      "resolved": "https://registry.npmjs.org/lightningcss/-/lightningcss-1.25.1.tgz",
      "integrity": "sha512-YdJ+ymLqoH6z375/v1IqfA+2E0m2d1iNannj+1l5FcFb2/qM45i+2C53jF0/VzceP7b11dKourm4V1G+K4r1g==",
      "dev": true,
      "hasInstallScript": true,
      "optional": true,
      "os": [
        "!android"
      ]
    },
    "node_modules/react": {
      "version": "19.1.1",
      "resolved": "https://registry.npmjs.org/react/-/react-19.1.1.tgz",
      "integrity": "sha512-82L2hAE4W8L7HP7OP52u6m/W7NTrPj8vxKxZlPihB+bZr2L5eYyprwz8E/pLh+tM0r9QpP13GO7z+xwc+wA1Vw=="
    },
    "node_modules/react-dom": {
      "version": "19.1.1",
      "resolved": "https://registry.npmjs.org/react-dom/-/react-dom-19.1.1.tgz",
      "integrity": "sha512-gSjW/8cR5Q3e31y+p9EBjKj4T4OZhH83w5G13i/PN9n9h/fQ3K20/LgFGMC0rW+0v/i12sM7Xz2p0u5w09X2g==",
      "dependencies": {
        "react": "^19.1.1"
      }
    },
    "node_modules/rollup": {
      "version": "4.18.0",
      "resolved": "https://registry.npmjs.org/rollup/-/rollup-4.18.0.tgz",
      "integrity": "sha512-3fae/+LG+iGg/Vv302S2aYgBv4bFmGf/N3v9V1GTvHbrd4d7Vl2/WbflIu584wzhbN5K/P9+gK+i2p2Xm/S4g==",
      "dev": true,
      "bin": {
        "rollup": "dist/bin/rollup"
      },
      "engines": {
        "node": ">=18.0.0"
      },
      "optionalDependencies": {
        "fsevents": "~2.3.2"
      }
    },
    "node_modules/typescript": {
      "version": "5.8.4",
      "resolved": "https://registry.npmjs.org/typescript/-/typescript-5.8.4.tgz",
      "integrity": "sha512-c2eRz9et+p+sXgLw2ADtN/3I22dGsmDB0G+A6hD2n1V1SEtV2iWcaVp2w4k1kGr/u/sCsgv4TaqiY2HBFbGrZQ==",
      "dev": true,
      "bin": {
        "tsc": "bin/tsc",
        "tsserver": "bin/tsserver"
      },
      "engines": {
        "node": ">=14.17"
      }
    },
    "node_modules/undici-types": {
      "version": "5.26.5",
      "resolved": "https://registry.npmjs.org/undici-types/-/undici-types-5.26.5.tgz",
      "integrity": "sha512-JlCMO+ehdEIKqlFxk6IfVoAUVmgz7cU7zD/h9XZ0qzeosSHmUJVOzSQvvYSYWXkFXC+IfLKSIffhv0sVZup6pA==",
      "dev": true
    },
    "node_modules/vite": {
      "version": "6.2.0",
      "resolved": "https://registry.npmjs.org/vite/-/vite-6.2.0.tgz",
      "integrity": "sha512-uV0j2J8u+8pr/nHLxN5hLV26z1nC3k12H3E7mZgIuYw1WwF6fT+9B8zC9uP8tV2j5kX+q8zX3jZ5aQ==",
      "dev": true,
      "dependencies": {
        "rollup": "^4.18.0"
      },
      "bin": {
        "vite": "bin/vite.js"
      },
      "engines": {
        "node": ">=18.0.0"
      },
      "optionalDependencies": {
        "esbuild": "~0.23.0",
        "lightningcss": "^1.25.1"
      }
    }
  }
}
